// !$*UTF8*$!
{
	archiveVersion = 1;
	classes = {
	};
	objectVersion = 50;
	objects = {

/* Begin PBXBuildFile section */
		69158DE524567FB000D74244 /* SystemConf.swift in Sources */ = {isa = PBXBuildFile; fileRef = 69158DE424567FB000D74244 /* SystemConf.swift */; };
		69158DE72456840100D74244 /* BMError.swift in Sources */ = {isa = PBXBuildFile; fileRef = 69158DE62456840100D74244 /* BMError.swift */; };
		691AD1A3247E94DA00256B37 /* SysDataSettingsTVC.swift in Sources */ = {isa = PBXBuildFile; fileRef = 691AD1A2247E94DA00256B37 /* SysDataSettingsTVC.swift */; };
		691C4A0A24552F3E000529E9 /* ScannerViewController.swift in Sources */ = {isa = PBXBuildFile; fileRef = 691C4A0924552F3E000529E9 /* ScannerViewController.swift */; };
		691C4A0C24553033000529E9 /* ViewController+Utils.swift in Sources */ = {isa = PBXBuildFile; fileRef = 691C4A0B24553033000529E9 /* ViewController+Utils.swift */; };
		691C4A0E24553069000529E9 /* Utils.swift in Sources */ = {isa = PBXBuildFile; fileRef = 691C4A0D24553069000529E9 /* Utils.swift */; };
		691C4A1024553095000529E9 /* Cartfile in Resources */ = {isa = PBXBuildFile; fileRef = 691C4A0F24553095000529E9 /* Cartfile */; };
		691C4A122455316D000529E9 /* QRCodeShowViewController.swift in Sources */ = {isa = PBXBuildFile; fileRef = 691C4A112455316C000529E9 /* QRCodeShowViewController.swift */; };
		691C4A152455319E000529E9 /* MBProgressHUD.framework in Frameworks */ = {isa = PBXBuildFile; fileRef = 691C4A142455319E000529E9 /* MBProgressHUD.framework */; };
		691C4A1B2455460A000529E9 /* OnePasswordViewController.swift in Sources */ = {isa = PBXBuildFile; fileRef = 691C4A1A2455460A000529E9 /* OnePasswordViewController.swift */; };
		691C4A35245558E6000529E9 /* BmailLib.framework in Frameworks */ = {isa = PBXBuildFile; fileRef = 691C4A34245558E6000529E9 /* BmailLib.framework */; };
		691C4A3824555BD2000529E9 /* Constants.swift in Sources */ = {isa = PBXBuildFile; fileRef = 691C4A3724555BD2000529E9 /* Constants.swift */; };
		691C4A3C245588F5000529E9 /* NewAccountViewController.swift in Sources */ = {isa = PBXBuildFile; fileRef = 691C4A3B245588F5000529E9 /* NewAccountViewController.swift */; };
		693448D424A18DBA008287A6 /* AccountHeaderViewController.swift in Sources */ = {isa = PBXBuildFile; fileRef = 693448D324A18DBA008287A6 /* AccountHeaderViewController.swift */; };
		69424C87249DFE1E009CBC77 /* ContactItemTableViewCell.swift in Sources */ = {isa = PBXBuildFile; fileRef = 69424C86249DFE1E009CBC77 /* ContactItemTableViewCell.swift */; };
		69424C89249E0387009CBC77 /* ContactNewViewController.swift in Sources */ = {isa = PBXBuildFile; fileRef = 69424C88249E0387009CBC77 /* ContactNewViewController.swift */; };
		6947F1F02474F9EC003820F9 /* ReplyDetailUIView.swift in Sources */ = {isa = PBXBuildFile; fileRef = 6947F1EF2474F9EC003820F9 /* ReplyDetailUIView.swift */; };
		6947F1F22475110C003820F9 /* EmailDetailHeaderCell.xib in Resources */ = {isa = PBXBuildFile; fileRef = 6947F1F12475110C003820F9 /* EmailDetailHeaderCell.xib */; };
		694F2AD7247236C400AAA8FA /* AccountSettingViewController.swift in Sources */ = {isa = PBXBuildFile; fileRef = 694F2AD6247236C400AAA8FA /* AccountSettingViewController.swift */; };
		694F2AD924723AC600AAA8FA /* CenterViewController.swift in Sources */ = {isa = PBXBuildFile; fileRef = 694F2AD824723AC600AAA8FA /* CenterViewController.swift */; };
		694F2ADB2472406900AAA8FA /* ContactViewController.swift in Sources */ = {isa = PBXBuildFile; fileRef = 694F2ADA2472406900AAA8FA /* ContactViewController.swift */; };
		694F2ADD2472412400AAA8FA /* SettingViewController.swift in Sources */ = {isa = PBXBuildFile; fileRef = 694F2ADC2472412400AAA8FA /* SettingViewController.swift */; };
		694F2ADF2472418300AAA8FA /* BugReportViewController.swift in Sources */ = {isa = PBXBuildFile; fileRef = 694F2ADE2472418300AAA8FA /* BugReportViewController.swift */; };
		694F2AE1247241C100AAA8FA /* HelpViewController.swift in Sources */ = {isa = PBXBuildFile; fileRef = 694F2AE0247241C100AAA8FA /* HelpViewController.swift */; };
		6964D11724A43CC000A2609E /* Localizable.strings in Resources */ = {isa = PBXBuildFile; fileRef = 6964D11924A43CC000A2609E /* Localizable.strings */; };
		699980C724726BB800F02B2F /* AccountSettingCell.swift in Sources */ = {isa = PBXBuildFile; fileRef = 699980C624726BB800F02B2F /* AccountSettingCell.swift */; };
		69A13AD124628419008150E1 /* CLTokenInputView.framework in Frameworks */ = {isa = PBXBuildFile; fileRef = 69A13AD024628419008150E1 /* CLTokenInputView.framework */; };
		69A13AD52462AC5C008150E1 /* RichEditorWrapperView.swift in Sources */ = {isa = PBXBuildFile; fileRef = 69A13AD42462AC5C008150E1 /* RichEditorWrapperView.swift */; };
		69A16AA62463DEF000CB71BF /* CICropPicker.framework in Frameworks */ = {isa = PBXBuildFile; fileRef = 69A16AA52463DEF000CB71BF /* CICropPicker.framework */; };
		69A26AB62456C3F300D73FF1 /* BackUpAccountViewController.swift in Sources */ = {isa = PBXBuildFile; fileRef = 69A26AB52456C3F300D73FF1 /* BackUpAccountViewController.swift */; };
		69A26AB82456DE3A00D73FF1 /* BMailAddressViewController.swift in Sources */ = {isa = PBXBuildFile; fileRef = 69A26AB72456DE3A00D73FF1 /* BMailAddressViewController.swift */; };
		69A26ABA2456EB8E00D73FF1 /* ConfigMailNameViewController.swift in Sources */ = {isa = PBXBuildFile; fileRef = 69A26AB92456EB8E00D73FF1 /* ConfigMailNameViewController.swift */; };
		69A34B552452E966004F5166 /* AppDelegate.swift in Sources */ = {isa = PBXBuildFile; fileRef = 69A34B542452E966004F5166 /* AppDelegate.swift */; };
		69A34B582452E966004F5166 /* BMail.xcdatamodeld in Sources */ = {isa = PBXBuildFile; fileRef = 69A34B562452E966004F5166 /* BMail.xcdatamodeld */; };
		69A34B5C2452E966004F5166 /* InboxViewController.swift in Sources */ = {isa = PBXBuildFile; fileRef = 69A34B5B2452E966004F5166 /* InboxViewController.swift */; };
		69A34B612452E966004F5166 /* Main.storyboard in Resources */ = {isa = PBXBuildFile; fileRef = 69A34B5F2452E966004F5166 /* Main.storyboard */; };
		69A34B632452E967004F5166 /* Assets.xcassets in Resources */ = {isa = PBXBuildFile; fileRef = 69A34B622452E967004F5166 /* Assets.xcassets */; };
		69A34B662452E967004F5166 /* LaunchScreen.storyboard in Resources */ = {isa = PBXBuildFile; fileRef = 69A34B642452E967004F5166 /* LaunchScreen.storyboard */; };
		69AD7B9C24A2269A00D1A0BC /* EmailDetailsContactViewController.swift in Sources */ = {isa = PBXBuildFile; fileRef = 69AD7B9B24A2269A00D1A0BC /* EmailDetailsContactViewController.swift */; };
		69ADBF86249C6C6400011A04 /* LibWrapper.swift in Sources */ = {isa = PBXBuildFile; fileRef = 69ADBF85249C6C6400011A04 /* LibWrapper.swift */; };
		69AE0C5524825D2800244C06 /* CoreDataManager.swift in Sources */ = {isa = PBXBuildFile; fileRef = 69AE0C5424825D2800244C06 /* CoreDataManager.swift */; };
		69B0D9E724AF3330006B665B /* Default-568h@2x.png in Resources */ = {isa = PBXBuildFile; fileRef = 69B0D9E624AF3330006B665B /* Default-568h@2x.png */; };
		69B0D9F524AF3E1F006B665B /* InfoPlist.strings in Resources */ = {isa = PBXBuildFile; fileRef = 69B0D9F724AF3E1F006B665B /* InfoPlist.strings */; };
		69C16BFF2474CD7E00DAC81A /* EmailDetailsTableViewCell.swift in Sources */ = {isa = PBXBuildFile; fileRef = 69C16BFE2474CD7E00DAC81A /* EmailDetailsTableViewCell.swift */; };
		69C16C052474D76C00DAC81A /* EmailDetailHeaderCell.swift in Sources */ = {isa = PBXBuildFile; fileRef = 69C16C042474D76C00DAC81A /* EmailDetailHeaderCell.swift */; };
		69C16C072474D77900DAC81A /* EmailDetailFooterCell.swift in Sources */ = {isa = PBXBuildFile; fileRef = 69C16C062474D77900DAC81A /* EmailDetailFooterCell.swift */; };
		69C16C092474DC9000DAC81A /* TagListView.framework in Frameworks */ = {isa = PBXBuildFile; fileRef = 69C16C082474DC8F00DAC81A /* TagListView.framework */; };
		69DB1CFE24626DBC00CECC76 /* AttachmentTableViewCell.swift in Sources */ = {isa = PBXBuildFile; fileRef = 69DB1CFD24626DBC00CECC76 /* AttachmentTableViewCell.swift */; };
		69DB1D0024626DF600CECC76 /* ContactTableViewCell.swift in Sources */ = {isa = PBXBuildFile; fileRef = 69DB1CFF24626DF600CECC76 /* ContactTableViewCell.swift */; };
		69DB1D0224626E2E00CECC76 /* AttachmentOptionsContainerView.swift in Sources */ = {isa = PBXBuildFile; fileRef = 69DB1D0124626E2E00CECC76 /* AttachmentOptionsContainerView.swift */; };
		69F398562480D201007A67B3 /* RichEditorView.swift in Sources */ = {isa = PBXBuildFile; fileRef = 69F3980D2480D201007A67B3 /* RichEditorView.swift */; };
		69F398572480D201007A67B3 /* String+Extensions.swift in Sources */ = {isa = PBXBuildFile; fileRef = 69F3980E2480D201007A67B3 /* String+Extensions.swift */; };
		69F398582480D201007A67B3 /* UIColor+Extensions.swift in Sources */ = {isa = PBXBuildFile; fileRef = 69F3980F2480D201007A67B3 /* UIColor+Extensions.swift */; };
		69F398592480D201007A67B3 /* h2@2x.png in Resources */ = {isa = PBXBuildFile; fileRef = 69F398122480D201007A67B3 /* h2@2x.png */; };
		69F3985A2480D201007A67B3 /* insert_video@2x.png in Resources */ = {isa = PBXBuildFile; fileRef = 69F398132480D201007A67B3 /* insert_video@2x.png */; };
		69F3985B2480D201007A67B3 /* outdent.png in Resources */ = {isa = PBXBuildFile; fileRef = 69F398142480D201007A67B3 /* outdent.png */; };
		69F3985C2480D201007A67B3 /* text_color@2x.png in Resources */ = {isa = PBXBuildFile; fileRef = 69F398152480D201007A67B3 /* text_color@2x.png */; };
		69F3985D2480D201007A67B3 /* bg_color.png in Resources */ = {isa = PBXBuildFile; fileRef = 69F398162480D201007A67B3 /* bg_color.png */; };
		69F3985E2480D201007A67B3 /* bold.png in Resources */ = {isa = PBXBuildFile; fileRef = 69F398172480D201007A67B3 /* bold.png */; };
		69F3985F2480D201007A67B3 /* insert_video.png in Resources */ = {isa = PBXBuildFile; fileRef = 69F398182480D201007A67B3 /* insert_video.png */; };
		69F398602480D201007A67B3 /* indent.png in Resources */ = {isa = PBXBuildFile; fileRef = 69F398192480D201007A67B3 /* indent.png */; };
		69F398612480D201007A67B3 /* unordered_list@2x.png in Resources */ = {isa = PBXBuildFile; fileRef = 69F3981A2480D201007A67B3 /* unordered_list@2x.png */; };
		69F398622480D201007A67B3 /* indent@2x.png in Resources */ = {isa = PBXBuildFile; fileRef = 69F3981B2480D201007A67B3 /* indent@2x.png */; };
		69F398632480D201007A67B3 /* checkbox@2x.png in Resources */ = {isa = PBXBuildFile; fileRef = 69F3981C2480D201007A67B3 /* checkbox@2x.png */; };
		69F398642480D201007A67B3 /* justify_center@2x.png in Resources */ = {isa = PBXBuildFile; fileRef = 69F3981D2480D201007A67B3 /* justify_center@2x.png */; };
		69F398652480D201007A67B3 /* insert_image.png in Resources */ = {isa = PBXBuildFile; fileRef = 69F3981E2480D201007A67B3 /* insert_image.png */; };
		69F398662480D201007A67B3 /* ordered_list@2x.png in Resources */ = {isa = PBXBuildFile; fileRef = 69F3981F2480D201007A67B3 /* ordered_list@2x.png */; };
		69F398672480D201007A67B3 /* clear.png in Resources */ = {isa = PBXBuildFile; fileRef = 69F398202480D201007A67B3 /* clear.png */; };
		69F398682480D201007A67B3 /* underline@2x.png in Resources */ = {isa = PBXBuildFile; fileRef = 69F398212480D201007A67B3 /* underline@2x.png */; };
		69F398692480D201007A67B3 /* insert_table.png in Resources */ = {isa = PBXBuildFile; fileRef = 69F398222480D201007A67B3 /* insert_table.png */; };
		69F3986A2480D201007A67B3 /* strikethrough.png in Resources */ = {isa = PBXBuildFile; fileRef = 69F398232480D201007A67B3 /* strikethrough.png */; };
		69F3986B2480D201007A67B3 /* h4@2x.png in Resources */ = {isa = PBXBuildFile; fileRef = 69F398242480D201007A67B3 /* h4@2x.png */; };
		69F3986C2480D201007A67B3 /* ordered_list.png in Resources */ = {isa = PBXBuildFile; fileRef = 69F398252480D201007A67B3 /* ordered_list.png */; };
		69F3986D2480D201007A67B3 /* h6@2x.png in Resources */ = {isa = PBXBuildFile; fileRef = 69F398262480D201007A67B3 /* h6@2x.png */; };
		69F3986E2480D201007A67B3 /* justify_right@2x.png in Resources */ = {isa = PBXBuildFile; fileRef = 69F398272480D201007A67B3 /* justify_right@2x.png */; };
		69F3986F2480D201007A67B3 /* subscript.png in Resources */ = {isa = PBXBuildFile; fileRef = 69F398282480D201007A67B3 /* subscript.png */; };
		69F398702480D201007A67B3 /* underline.png in Resources */ = {isa = PBXBuildFile; fileRef = 69F398292480D201007A67B3 /* underline.png */; };
		69F398712480D201007A67B3 /* h5.png in Resources */ = {isa = PBXBuildFile; fileRef = 69F3982A2480D201007A67B3 /* h5.png */; };
		69F398722480D201007A67B3 /* outdent@2x.png in Resources */ = {isa = PBXBuildFile; fileRef = 69F3982B2480D201007A67B3 /* outdent@2x.png */; };
		69F398732480D201007A67B3 /* superscript@2x.png in Resources */ = {isa = PBXBuildFile; fileRef = 69F3982C2480D201007A67B3 /* superscript@2x.png */; };
		69F398742480D201007A67B3 /* h4.png in Resources */ = {isa = PBXBuildFile; fileRef = 69F3982D2480D201007A67B3 /* h4.png */; };
		69F398752480D201007A67B3 /* h6.png in Resources */ = {isa = PBXBuildFile; fileRef = 69F3982E2480D201007A67B3 /* h6.png */; };
		69F398762480D201007A67B3 /* strikethrough@2x.png in Resources */ = {isa = PBXBuildFile; fileRef = 69F3982F2480D201007A67B3 /* strikethrough@2x.png */; };
		69F398772480D201007A67B3 /* insert_table@2x.png in Resources */ = {isa = PBXBuildFile; fileRef = 69F398302480D201007A67B3 /* insert_table@2x.png */; };
		69F398782480D201007A67B3 /* h3@2x.png in Resources */ = {isa = PBXBuildFile; fileRef = 69F398312480D201007A67B3 /* h3@2x.png */; };
		69F398792480D201007A67B3 /* h3.png in Resources */ = {isa = PBXBuildFile; fileRef = 69F398322480D201007A67B3 /* h3.png */; };
		69F3987A2480D201007A67B3 /* undo@2x.png in Resources */ = {isa = PBXBuildFile; fileRef = 69F398332480D201007A67B3 /* undo@2x.png */; };
		69F3987B2480D201007A67B3 /* h1@2x.png in Resources */ = {isa = PBXBuildFile; fileRef = 69F398342480D201007A67B3 /* h1@2x.png */; };
		69F3987C2480D201007A67B3 /* italic.png in Resources */ = {isa = PBXBuildFile; fileRef = 69F398352480D201007A67B3 /* italic.png */; };
		69F3987D2480D201007A67B3 /* insert_link.png in Resources */ = {isa = PBXBuildFile; fileRef = 69F398362480D201007A67B3 /* insert_link.png */; };
		69F3987E2480D201007A67B3 /* h2.png in Resources */ = {isa = PBXBuildFile; fileRef = 69F398372480D201007A67B3 /* h2.png */; };
		69F3987F2480D201007A67B3 /* undo.png in Resources */ = {isa = PBXBuildFile; fileRef = 69F398382480D201007A67B3 /* undo.png */; };
		69F398802480D201007A67B3 /* h1.png in Resources */ = {isa = PBXBuildFile; fileRef = 69F398392480D201007A67B3 /* h1.png */; };
		69F398812480D201007A67B3 /* insert_link@2x.png in Resources */ = {isa = PBXBuildFile; fileRef = 69F3983A2480D201007A67B3 /* insert_link@2x.png */; };
		69F398822480D201007A67B3 /* bold@2x.png in Resources */ = {isa = PBXBuildFile; fileRef = 69F3983B2480D201007A67B3 /* bold@2x.png */; };
		69F398832480D201007A67B3 /* italic@2x.png in Resources */ = {isa = PBXBuildFile; fileRef = 69F3983C2480D201007A67B3 /* italic@2x.png */; };
		69F398842480D201007A67B3 /* justify_center.png in Resources */ = {isa = PBXBuildFile; fileRef = 69F3983D2480D201007A67B3 /* justify_center.png */; };
		69F398852480D201007A67B3 /* h5@2x.png in Resources */ = {isa = PBXBuildFile; fileRef = 69F3983E2480D201007A67B3 /* h5@2x.png */; };
		69F398862480D201007A67B3 /* clear@2x.png in Resources */ = {isa = PBXBuildFile; fileRef = 69F3983F2480D201007A67B3 /* clear@2x.png */; };
		69F398872480D201007A67B3 /* checkbox.png in Resources */ = {isa = PBXBuildFile; fileRef = 69F398402480D201007A67B3 /* checkbox.png */; };
		69F398882480D201007A67B3 /* subscript@2x.png in Resources */ = {isa = PBXBuildFile; fileRef = 69F398412480D201007A67B3 /* subscript@2x.png */; };
		69F398892480D201007A67B3 /* redo@2x.png in Resources */ = {isa = PBXBuildFile; fileRef = 69F398422480D201007A67B3 /* redo@2x.png */; };
		69F3988A2480D201007A67B3 /* justify_right.png in Resources */ = {isa = PBXBuildFile; fileRef = 69F398432480D201007A67B3 /* justify_right.png */; };
		69F3988B2480D201007A67B3 /* redo.png in Resources */ = {isa = PBXBuildFile; fileRef = 69F398442480D201007A67B3 /* redo.png */; };
		69F3988C2480D201007A67B3 /* unordered_list.png in Resources */ = {isa = PBXBuildFile; fileRef = 69F398452480D201007A67B3 /* unordered_list.png */; };
		69F3988D2480D201007A67B3 /* superscript.png in Resources */ = {isa = PBXBuildFile; fileRef = 69F398462480D201007A67B3 /* superscript.png */; };
		69F3988E2480D201007A67B3 /* insert_image@2x.png in Resources */ = {isa = PBXBuildFile; fileRef = 69F398472480D201007A67B3 /* insert_image@2x.png */; };
		69F3988F2480D201007A67B3 /* text_color.png in Resources */ = {isa = PBXBuildFile; fileRef = 69F398482480D201007A67B3 /* text_color.png */; };
		69F398902480D201007A67B3 /* justify_left.png in Resources */ = {isa = PBXBuildFile; fileRef = 69F398492480D201007A67B3 /* justify_left.png */; };
		69F398912480D201007A67B3 /* justify_left@2x.png in Resources */ = {isa = PBXBuildFile; fileRef = 69F3984A2480D201007A67B3 /* justify_left@2x.png */; };
		69F398922480D201007A67B3 /* bg_color@2x.png in Resources */ = {isa = PBXBuildFile; fileRef = 69F3984B2480D201007A67B3 /* bg_color@2x.png */; };
		69F398932480D201007A67B3 /* rich_editor_tests.js in Resources */ = {isa = PBXBuildFile; fileRef = 69F3984D2480D201007A67B3 /* rich_editor_tests.js */; };
		69F398942480D201007A67B3 /* assert.js in Resources */ = {isa = PBXBuildFile; fileRef = 69F3984E2480D201007A67B3 /* assert.js */; };
		69F398952480D201007A67B3 /* rich_editor.js in Resources */ = {isa = PBXBuildFile; fileRef = 69F3984F2480D201007A67B3 /* rich_editor.js */; };
		69F398962480D201007A67B3 /* rich_editor_tests.html in Resources */ = {isa = PBXBuildFile; fileRef = 69F398502480D201007A67B3 /* rich_editor_tests.html */; };
		69F398972480D201007A67B3 /* rich_editor.html in Resources */ = {isa = PBXBuildFile; fileRef = 69F398512480D201007A67B3 /* rich_editor.html */; };
		69F398982480D201007A67B3 /* style.css in Resources */ = {isa = PBXBuildFile; fileRef = 69F398522480D201007A67B3 /* style.css */; };
		69F398992480D201007A67B3 /* normalize.css in Resources */ = {isa = PBXBuildFile; fileRef = 69F398532480D201007A67B3 /* normalize.css */; };
		69F3989A2480D201007A67B3 /* RichEditorToolbar.swift in Sources */ = {isa = PBXBuildFile; fileRef = 69F398542480D201007A67B3 /* RichEditorToolbar.swift */; };
		69F3989B2480D201007A67B3 /* RichEditorOptionItem.swift in Sources */ = {isa = PBXBuildFile; fileRef = 69F398552480D201007A67B3 /* RichEditorOptionItem.swift */; };
		7C0738C42459C64F00F5A8B1 /* MailboxTableViewCell.swift in Sources */ = {isa = PBXBuildFile; fileRef = 7C0738C32459C64F00F5A8B1 /* MailboxTableViewCell.swift */; };
		7C23502524601F5B007B051C /* ComposeMailViewController.swift in Sources */ = {isa = PBXBuildFile; fileRef = 7C23502424601F5B007B051C /* ComposeMailViewController.swift */; };
		7C28F8F5245A834800CCF478 /* EnvelopeEntity.swift in Sources */ = {isa = PBXBuildFile; fileRef = 7C28F8F4245A834800CCF478 /* EnvelopeEntity.swift */; };
		7C28F8F7245A841300CCF478 /* MailManager.swift in Sources */ = {isa = PBXBuildFile; fileRef = 7C28F8F6245A841300CCF478 /* MailManager.swift */; };
		7C894DB02453E090005FED72 /* AccountManager.swift in Sources */ = {isa = PBXBuildFile; fileRef = 7C894DAF2453E090005FED72 /* AccountManager.swift */; };
		7C894DB22453E0D7005FED72 /* BMAccount.swift in Sources */ = {isa = PBXBuildFile; fileRef = 7C894DB12453E0D7005FED72 /* BMAccount.swift */; };
		7C894DCC2453F5AD005FED72 /* ContainerViewController.swift in Sources */ = {isa = PBXBuildFile; fileRef = 7C894DCB2453F5AD005FED72 /* ContainerViewController.swift */; };
		7C894DD024541365005FED72 /* MenuViewController.swift in Sources */ = {isa = PBXBuildFile; fileRef = 7C894DCF24541365005FED72 /* MenuViewController.swift */; };
		7C97BEE62456658100693700 /* CoreDataUtils.swift in Sources */ = {isa = PBXBuildFile; fileRef = 7C97BEE52456658100693700 /* CoreDataUtils.swift */; };
		7CC57A522472CDFD00BB3E27 /* EmailDetailViewController.swift in Sources */ = {isa = PBXBuildFile; fileRef = 7CC57A512472CDFD00BB3E27 /* EmailDetailViewController.swift */; };
		7CD9DFC324733AC700BEF4B8 /* StampViewController.swift in Sources */ = {isa = PBXBuildFile; fileRef = 7CD9DFC224733AC700BEF4B8 /* StampViewController.swift */; };
		7CE20B702464C89600721074 /* Contact.swift in Sources */ = {isa = PBXBuildFile; fileRef = 7CE20B6F2464C89600721074 /* Contact.swift */; };
		7CE20B722464C97900721074 /* File.swift in Sources */ = {isa = PBXBuildFile; fileRef = 7CE20B712464C97900721074 /* File.swift */; };
		7CE20B792464D0FB00721074 /* TLPhotoPicker.framework in Frameworks */ = {isa = PBXBuildFile; fileRef = 7CE20B782464D0FB00721074 /* TLPhotoPicker.framework */; };
		7CFB888C24590AFF00106EFE /* MenuTableViewCell.swift in Sources */ = {isa = PBXBuildFile; fileRef = 7CFB888B24590AFF00106EFE /* MenuTableViewCell.swift */; };
/* End PBXBuildFile section */

/* Begin PBXFileReference section */
		69158DE424567FB000D74244 /* SystemConf.swift */ = {isa = PBXFileReference; lastKnownFileType = sourcecode.swift; path = SystemConf.swift; sourceTree = "<group>"; };
		69158DE62456840100D74244 /* BMError.swift */ = {isa = PBXFileReference; lastKnownFileType = sourcecode.swift; path = BMError.swift; sourceTree = "<group>"; };
		691AD1A2247E94DA00256B37 /* SysDataSettingsTVC.swift */ = {isa = PBXFileReference; lastKnownFileType = sourcecode.swift; path = SysDataSettingsTVC.swift; sourceTree = "<group>"; };
		691C4A0924552F3E000529E9 /* ScannerViewController.swift */ = {isa = PBXFileReference; fileEncoding = 4; lastKnownFileType = sourcecode.swift; path = ScannerViewController.swift; sourceTree = "<group>"; };
		691C4A0B24553033000529E9 /* ViewController+Utils.swift */ = {isa = PBXFileReference; lastKnownFileType = sourcecode.swift; path = "ViewController+Utils.swift"; sourceTree = "<group>"; };
		691C4A0D24553069000529E9 /* Utils.swift */ = {isa = PBXFileReference; lastKnownFileType = sourcecode.swift; path = Utils.swift; sourceTree = "<group>"; };
		691C4A0F24553095000529E9 /* Cartfile */ = {isa = PBXFileReference; fileEncoding = 4; lastKnownFileType = text; path = Cartfile; sourceTree = "<group>"; };
		691C4A112455316C000529E9 /* QRCodeShowViewController.swift */ = {isa = PBXFileReference; fileEncoding = 4; lastKnownFileType = sourcecode.swift; path = QRCodeShowViewController.swift; sourceTree = "<group>"; };
		691C4A142455319E000529E9 /* MBProgressHUD.framework */ = {isa = PBXFileReference; lastKnownFileType = wrapper.framework; name = MBProgressHUD.framework; path = Carthage/Build/iOS/MBProgressHUD.framework; sourceTree = "<group>"; };
		691C4A1A2455460A000529E9 /* OnePasswordViewController.swift */ = {isa = PBXFileReference; fileEncoding = 4; lastKnownFileType = sourcecode.swift; path = OnePasswordViewController.swift; sourceTree = "<group>"; };
		691C4A34245558E6000529E9 /* BmailLib.framework */ = {isa = PBXFileReference; lastKnownFileType = wrapper.framework; name = BmailLib.framework; path = bin/BmailLib.framework; sourceTree = "<group>"; };
		691C4A3724555BD2000529E9 /* Constants.swift */ = {isa = PBXFileReference; fileEncoding = 4; lastKnownFileType = sourcecode.swift; path = Constants.swift; sourceTree = "<group>"; };
		691C4A3B245588F5000529E9 /* NewAccountViewController.swift */ = {isa = PBXFileReference; lastKnownFileType = sourcecode.swift; path = NewAccountViewController.swift; sourceTree = "<group>"; };
		693448D324A18DBA008287A6 /* AccountHeaderViewController.swift */ = {isa = PBXFileReference; lastKnownFileType = sourcecode.swift; path = AccountHeaderViewController.swift; sourceTree = "<group>"; };
		69424C86249DFE1E009CBC77 /* ContactItemTableViewCell.swift */ = {isa = PBXFileReference; lastKnownFileType = sourcecode.swift; path = ContactItemTableViewCell.swift; sourceTree = "<group>"; };
		69424C88249E0387009CBC77 /* ContactNewViewController.swift */ = {isa = PBXFileReference; lastKnownFileType = sourcecode.swift; path = ContactNewViewController.swift; sourceTree = "<group>"; };
		6947F1EF2474F9EC003820F9 /* ReplyDetailUIView.swift */ = {isa = PBXFileReference; lastKnownFileType = sourcecode.swift; path = ReplyDetailUIView.swift; sourceTree = "<group>"; };
		6947F1F12475110C003820F9 /* EmailDetailHeaderCell.xib */ = {isa = PBXFileReference; lastKnownFileType = file.xib; path = EmailDetailHeaderCell.xib; sourceTree = "<group>"; };
		694F2AD6247236C400AAA8FA /* AccountSettingViewController.swift */ = {isa = PBXFileReference; lastKnownFileType = sourcecode.swift; path = AccountSettingViewController.swift; sourceTree = "<group>"; };
		694F2AD824723AC600AAA8FA /* CenterViewController.swift */ = {isa = PBXFileReference; lastKnownFileType = sourcecode.swift; path = CenterViewController.swift; sourceTree = "<group>"; };
		694F2ADA2472406900AAA8FA /* ContactViewController.swift */ = {isa = PBXFileReference; lastKnownFileType = sourcecode.swift; path = ContactViewController.swift; sourceTree = "<group>"; };
		694F2ADC2472412400AAA8FA /* SettingViewController.swift */ = {isa = PBXFileReference; lastKnownFileType = sourcecode.swift; path = SettingViewController.swift; sourceTree = "<group>"; };
		694F2ADE2472418300AAA8FA /* BugReportViewController.swift */ = {isa = PBXFileReference; lastKnownFileType = sourcecode.swift; path = BugReportViewController.swift; sourceTree = "<group>"; };
		694F2AE0247241C100AAA8FA /* HelpViewController.swift */ = {isa = PBXFileReference; lastKnownFileType = sourcecode.swift; path = HelpViewController.swift; sourceTree = "<group>"; };
		6964D11324A43BE400A2609E /* zh-Hans */ = {isa = PBXFileReference; lastKnownFileType = text.plist.strings; name = "zh-Hans"; path = "zh-Hans.lproj/Main.strings"; sourceTree = "<group>"; };
		6964D11824A43CC000A2609E /* en */ = {isa = PBXFileReference; lastKnownFileType = text.plist.strings; name = en; path = en.lproj/Localizable.strings; sourceTree = "<group>"; };
		6964D11A24A43CC900A2609E /* zh-Hans */ = {isa = PBXFileReference; lastKnownFileType = text.plist.strings; name = "zh-Hans"; path = "zh-Hans.lproj/Localizable.strings"; sourceTree = "<group>"; };
		6964D11B24A43EDF00A2609E /* ja */ = {isa = PBXFileReference; lastKnownFileType = text.plist.strings; name = ja; path = ja.lproj/Main.strings; sourceTree = "<group>"; };
		6964D11D24A43EE000A2609E /* ja */ = {isa = PBXFileReference; lastKnownFileType = text.plist.strings; name = ja; path = ja.lproj/Localizable.strings; sourceTree = "<group>"; };
		6964D12424A441FC00A2609E /* zh-Hans */ = {isa = PBXFileReference; lastKnownFileType = text.plist.strings; name = "zh-Hans"; path = "zh-Hans.lproj/LaunchScreen.strings"; sourceTree = "<group>"; };
		6964D12524A4420100A2609E /* ja */ = {isa = PBXFileReference; lastKnownFileType = text.plist.strings; name = ja; path = ja.lproj/LaunchScreen.strings; sourceTree = "<group>"; };
		6964D12724A4421F00A2609E /* en */ = {isa = PBXFileReference; lastKnownFileType = text.plist.strings; name = en; path = en.lproj/LaunchScreen.strings; sourceTree = "<group>"; };
		699980C624726BB800F02B2F /* AccountSettingCell.swift */ = {isa = PBXFileReference; lastKnownFileType = sourcecode.swift; path = AccountSettingCell.swift; sourceTree = "<group>"; };
		69A13AD024628419008150E1 /* CLTokenInputView.framework */ = {isa = PBXFileReference; lastKnownFileType = wrapper.framework; name = CLTokenInputView.framework; path = Carthage/Build/iOS/CLTokenInputView.framework; sourceTree = "<group>"; };
		69A13AD42462AC5C008150E1 /* RichEditorWrapperView.swift */ = {isa = PBXFileReference; lastKnownFileType = sourcecode.swift; path = RichEditorWrapperView.swift; sourceTree = "<group>"; };
		69A16AA52463DEF000CB71BF /* CICropPicker.framework */ = {isa = PBXFileReference; lastKnownFileType = wrapper.framework; name = CICropPicker.framework; path = Carthage/Build/iOS/CICropPicker.framework; sourceTree = "<group>"; };
		69A26AB52456C3F300D73FF1 /* BackUpAccountViewController.swift */ = {isa = PBXFileReference; lastKnownFileType = sourcecode.swift; path = BackUpAccountViewController.swift; sourceTree = "<group>"; };
		69A26AB72456DE3A00D73FF1 /* BMailAddressViewController.swift */ = {isa = PBXFileReference; lastKnownFileType = sourcecode.swift; path = BMailAddressViewController.swift; sourceTree = "<group>"; };
		69A26AB92456EB8E00D73FF1 /* ConfigMailNameViewController.swift */ = {isa = PBXFileReference; lastKnownFileType = sourcecode.swift; path = ConfigMailNameViewController.swift; sourceTree = "<group>"; };
		69A34B512452E966004F5166 /* BMail.app */ = {isa = PBXFileReference; explicitFileType = wrapper.application; includeInIndex = 0; path = BMail.app; sourceTree = BUILT_PRODUCTS_DIR; };
		69A34B542452E966004F5166 /* AppDelegate.swift */ = {isa = PBXFileReference; lastKnownFileType = sourcecode.swift; path = AppDelegate.swift; sourceTree = "<group>"; };
		69A34B572452E966004F5166 /* BMail.xcdatamodel */ = {isa = PBXFileReference; lastKnownFileType = wrapper.xcdatamodel; path = BMail.xcdatamodel; sourceTree = "<group>"; };
		69A34B5B2452E966004F5166 /* InboxViewController.swift */ = {isa = PBXFileReference; lastKnownFileType = sourcecode.swift; path = InboxViewController.swift; sourceTree = "<group>"; };
		69A34B602452E966004F5166 /* Base */ = {isa = PBXFileReference; lastKnownFileType = file.storyboard; name = Base; path = Base.lproj/Main.storyboard; sourceTree = "<group>"; };
		69A34B622452E967004F5166 /* Assets.xcassets */ = {isa = PBXFileReference; lastKnownFileType = folder.assetcatalog; path = Assets.xcassets; sourceTree = "<group>"; };
		69A34B652452E967004F5166 /* Base */ = {isa = PBXFileReference; lastKnownFileType = file.storyboard; name = Base; path = Base.lproj/LaunchScreen.storyboard; sourceTree = "<group>"; };
		69AD7B9B24A2269A00D1A0BC /* EmailDetailsContactViewController.swift */ = {isa = PBXFileReference; lastKnownFileType = sourcecode.swift; path = EmailDetailsContactViewController.swift; sourceTree = "<group>"; };
		69ADBF85249C6C6400011A04 /* LibWrapper.swift */ = {isa = PBXFileReference; lastKnownFileType = sourcecode.swift; path = LibWrapper.swift; sourceTree = "<group>"; };
		69AE0C5324823AF000244C06 /* BMail 2.xcdatamodel */ = {isa = PBXFileReference; lastKnownFileType = wrapper.xcdatamodel; path = "BMail 2.xcdatamodel"; sourceTree = "<group>"; };
		69AE0C5424825D2800244C06 /* CoreDataManager.swift */ = {isa = PBXFileReference; fileEncoding = 4; lastKnownFileType = sourcecode.swift; path = CoreDataManager.swift; sourceTree = "<group>"; };
		69B0D9E624AF3330006B665B /* Default-568h@2x.png */ = {isa = PBXFileReference; lastKnownFileType = image.png; path = "Default-568h@2x.png"; sourceTree = "<group>"; };
		69B0D9F224AF3B68006B665B /* en */ = {isa = PBXFileReference; lastKnownFileType = text.plist.xml; name = en; path = en.lproj/Info.plist; sourceTree = "<group>"; };
		69B0D9F624AF3E1F006B665B /* ja */ = {isa = PBXFileReference; lastKnownFileType = text.plist.strings; name = ja; path = ja.lproj/InfoPlist.strings; sourceTree = "<group>"; };
		69B0D9F824AF3E44006B665B /* zh-Hans */ = {isa = PBXFileReference; lastKnownFileType = text.plist.strings; name = "zh-Hans"; path = "zh-Hans.lproj/InfoPlist.strings"; sourceTree = "<group>"; };
		69C16BFE2474CD7E00DAC81A /* EmailDetailsTableViewCell.swift */ = {isa = PBXFileReference; lastKnownFileType = sourcecode.swift; path = EmailDetailsTableViewCell.swift; sourceTree = "<group>"; };
		69C16C042474D76C00DAC81A /* EmailDetailHeaderCell.swift */ = {isa = PBXFileReference; lastKnownFileType = sourcecode.swift; path = EmailDetailHeaderCell.swift; sourceTree = "<group>"; };
		69C16C062474D77900DAC81A /* EmailDetailFooterCell.swift */ = {isa = PBXFileReference; lastKnownFileType = sourcecode.swift; path = EmailDetailFooterCell.swift; sourceTree = "<group>"; };
		69C16C082474DC8F00DAC81A /* TagListView.framework */ = {isa = PBXFileReference; lastKnownFileType = wrapper.framework; name = TagListView.framework; path = Carthage/Build/iOS/TagListView.framework; sourceTree = "<group>"; };
		69DB1CFD24626DBC00CECC76 /* AttachmentTableViewCell.swift */ = {isa = PBXFileReference; lastKnownFileType = sourcecode.swift; path = AttachmentTableViewCell.swift; sourceTree = "<group>"; };
		69DB1CFF24626DF600CECC76 /* ContactTableViewCell.swift */ = {isa = PBXFileReference; lastKnownFileType = sourcecode.swift; path = ContactTableViewCell.swift; sourceTree = "<group>"; };
		69DB1D0124626E2E00CECC76 /* AttachmentOptionsContainerView.swift */ = {isa = PBXFileReference; lastKnownFileType = sourcecode.swift; path = AttachmentOptionsContainerView.swift; sourceTree = "<group>"; };
		69F3980D2480D201007A67B3 /* RichEditorView.swift */ = {isa = PBXFileReference; fileEncoding = 4; lastKnownFileType = sourcecode.swift; path = RichEditorView.swift; sourceTree = "<group>"; };
		69F3980E2480D201007A67B3 /* String+Extensions.swift */ = {isa = PBXFileReference; fileEncoding = 4; lastKnownFileType = sourcecode.swift; path = "String+Extensions.swift"; sourceTree = "<group>"; };
		69F3980F2480D201007A67B3 /* UIColor+Extensions.swift */ = {isa = PBXFileReference; fileEncoding = 4; lastKnownFileType = sourcecode.swift; path = "UIColor+Extensions.swift"; sourceTree = "<group>"; };
		69F398122480D201007A67B3 /* h2@2x.png */ = {isa = PBXFileReference; lastKnownFileType = image.png; path = "h2@2x.png"; sourceTree = "<group>"; };
		69F398132480D201007A67B3 /* insert_video@2x.png */ = {isa = PBXFileReference; lastKnownFileType = image.png; path = "insert_video@2x.png"; sourceTree = "<group>"; };
		69F398142480D201007A67B3 /* outdent.png */ = {isa = PBXFileReference; lastKnownFileType = image.png; path = outdent.png; sourceTree = "<group>"; };
		69F398152480D201007A67B3 /* text_color@2x.png */ = {isa = PBXFileReference; lastKnownFileType = image.png; path = "text_color@2x.png"; sourceTree = "<group>"; };
		69F398162480D201007A67B3 /* bg_color.png */ = {isa = PBXFileReference; lastKnownFileType = image.png; path = bg_color.png; sourceTree = "<group>"; };
		69F398172480D201007A67B3 /* bold.png */ = {isa = PBXFileReference; lastKnownFileType = image.png; path = bold.png; sourceTree = "<group>"; };
		69F398182480D201007A67B3 /* insert_video.png */ = {isa = PBXFileReference; lastKnownFileType = image.png; path = insert_video.png; sourceTree = "<group>"; };
		69F398192480D201007A67B3 /* indent.png */ = {isa = PBXFileReference; lastKnownFileType = image.png; path = indent.png; sourceTree = "<group>"; };
		69F3981A2480D201007A67B3 /* unordered_list@2x.png */ = {isa = PBXFileReference; lastKnownFileType = image.png; path = "unordered_list@2x.png"; sourceTree = "<group>"; };
		69F3981B2480D201007A67B3 /* indent@2x.png */ = {isa = PBXFileReference; lastKnownFileType = image.png; path = "indent@2x.png"; sourceTree = "<group>"; };
		69F3981C2480D201007A67B3 /* checkbox@2x.png */ = {isa = PBXFileReference; lastKnownFileType = image.png; path = "checkbox@2x.png"; sourceTree = "<group>"; };
		69F3981D2480D201007A67B3 /* justify_center@2x.png */ = {isa = PBXFileReference; lastKnownFileType = image.png; path = "justify_center@2x.png"; sourceTree = "<group>"; };
		69F3981E2480D201007A67B3 /* insert_image.png */ = {isa = PBXFileReference; lastKnownFileType = image.png; path = insert_image.png; sourceTree = "<group>"; };
		69F3981F2480D201007A67B3 /* ordered_list@2x.png */ = {isa = PBXFileReference; lastKnownFileType = image.png; path = "ordered_list@2x.png"; sourceTree = "<group>"; };
		69F398202480D201007A67B3 /* clear.png */ = {isa = PBXFileReference; lastKnownFileType = image.png; path = clear.png; sourceTree = "<group>"; };
		69F398212480D201007A67B3 /* underline@2x.png */ = {isa = PBXFileReference; lastKnownFileType = image.png; path = "underline@2x.png"; sourceTree = "<group>"; };
		69F398222480D201007A67B3 /* insert_table.png */ = {isa = PBXFileReference; lastKnownFileType = image.png; path = insert_table.png; sourceTree = "<group>"; };
		69F398232480D201007A67B3 /* strikethrough.png */ = {isa = PBXFileReference; lastKnownFileType = image.png; path = strikethrough.png; sourceTree = "<group>"; };
		69F398242480D201007A67B3 /* h4@2x.png */ = {isa = PBXFileReference; lastKnownFileType = image.png; path = "h4@2x.png"; sourceTree = "<group>"; };
		69F398252480D201007A67B3 /* ordered_list.png */ = {isa = PBXFileReference; lastKnownFileType = image.png; path = ordered_list.png; sourceTree = "<group>"; };
		69F398262480D201007A67B3 /* h6@2x.png */ = {isa = PBXFileReference; lastKnownFileType = image.png; path = "h6@2x.png"; sourceTree = "<group>"; };
		69F398272480D201007A67B3 /* justify_right@2x.png */ = {isa = PBXFileReference; lastKnownFileType = image.png; path = "justify_right@2x.png"; sourceTree = "<group>"; };
		69F398282480D201007A67B3 /* subscript.png */ = {isa = PBXFileReference; lastKnownFileType = image.png; path = subscript.png; sourceTree = "<group>"; };
		69F398292480D201007A67B3 /* underline.png */ = {isa = PBXFileReference; lastKnownFileType = image.png; path = underline.png; sourceTree = "<group>"; };
		69F3982A2480D201007A67B3 /* h5.png */ = {isa = PBXFileReference; lastKnownFileType = image.png; path = h5.png; sourceTree = "<group>"; };
		69F3982B2480D201007A67B3 /* outdent@2x.png */ = {isa = PBXFileReference; lastKnownFileType = image.png; path = "outdent@2x.png"; sourceTree = "<group>"; };
		69F3982C2480D201007A67B3 /* superscript@2x.png */ = {isa = PBXFileReference; lastKnownFileType = image.png; path = "superscript@2x.png"; sourceTree = "<group>"; };
		69F3982D2480D201007A67B3 /* h4.png */ = {isa = PBXFileReference; lastKnownFileType = image.png; path = h4.png; sourceTree = "<group>"; };
		69F3982E2480D201007A67B3 /* h6.png */ = {isa = PBXFileReference; lastKnownFileType = image.png; path = h6.png; sourceTree = "<group>"; };
		69F3982F2480D201007A67B3 /* strikethrough@2x.png */ = {isa = PBXFileReference; lastKnownFileType = image.png; path = "strikethrough@2x.png"; sourceTree = "<group>"; };
		69F398302480D201007A67B3 /* insert_table@2x.png */ = {isa = PBXFileReference; lastKnownFileType = image.png; path = "insert_table@2x.png"; sourceTree = "<group>"; };
		69F398312480D201007A67B3 /* h3@2x.png */ = {isa = PBXFileReference; lastKnownFileType = image.png; path = "h3@2x.png"; sourceTree = "<group>"; };
		69F398322480D201007A67B3 /* h3.png */ = {isa = PBXFileReference; lastKnownFileType = image.png; path = h3.png; sourceTree = "<group>"; };
		69F398332480D201007A67B3 /* undo@2x.png */ = {isa = PBXFileReference; lastKnownFileType = image.png; path = "undo@2x.png"; sourceTree = "<group>"; };
		69F398342480D201007A67B3 /* h1@2x.png */ = {isa = PBXFileReference; lastKnownFileType = image.png; path = "h1@2x.png"; sourceTree = "<group>"; };
		69F398352480D201007A67B3 /* italic.png */ = {isa = PBXFileReference; lastKnownFileType = image.png; path = italic.png; sourceTree = "<group>"; };
		69F398362480D201007A67B3 /* insert_link.png */ = {isa = PBXFileReference; lastKnownFileType = image.png; path = insert_link.png; sourceTree = "<group>"; };
		69F398372480D201007A67B3 /* h2.png */ = {isa = PBXFileReference; lastKnownFileType = image.png; path = h2.png; sourceTree = "<group>"; };
		69F398382480D201007A67B3 /* undo.png */ = {isa = PBXFileReference; lastKnownFileType = image.png; path = undo.png; sourceTree = "<group>"; };
		69F398392480D201007A67B3 /* h1.png */ = {isa = PBXFileReference; lastKnownFileType = image.png; path = h1.png; sourceTree = "<group>"; };
		69F3983A2480D201007A67B3 /* insert_link@2x.png */ = {isa = PBXFileReference; lastKnownFileType = image.png; path = "insert_link@2x.png"; sourceTree = "<group>"; };
		69F3983B2480D201007A67B3 /* bold@2x.png */ = {isa = PBXFileReference; lastKnownFileType = image.png; path = "bold@2x.png"; sourceTree = "<group>"; };
		69F3983C2480D201007A67B3 /* italic@2x.png */ = {isa = PBXFileReference; lastKnownFileType = image.png; path = "italic@2x.png"; sourceTree = "<group>"; };
		69F3983D2480D201007A67B3 /* justify_center.png */ = {isa = PBXFileReference; lastKnownFileType = image.png; path = justify_center.png; sourceTree = "<group>"; };
		69F3983E2480D201007A67B3 /* h5@2x.png */ = {isa = PBXFileReference; lastKnownFileType = image.png; path = "h5@2x.png"; sourceTree = "<group>"; };
		69F3983F2480D201007A67B3 /* clear@2x.png */ = {isa = PBXFileReference; lastKnownFileType = image.png; path = "clear@2x.png"; sourceTree = "<group>"; };
		69F398402480D201007A67B3 /* checkbox.png */ = {isa = PBXFileReference; lastKnownFileType = image.png; path = checkbox.png; sourceTree = "<group>"; };
		69F398412480D201007A67B3 /* subscript@2x.png */ = {isa = PBXFileReference; lastKnownFileType = image.png; path = "subscript@2x.png"; sourceTree = "<group>"; };
		69F398422480D201007A67B3 /* redo@2x.png */ = {isa = PBXFileReference; lastKnownFileType = image.png; path = "redo@2x.png"; sourceTree = "<group>"; };
		69F398432480D201007A67B3 /* justify_right.png */ = {isa = PBXFileReference; lastKnownFileType = image.png; path = justify_right.png; sourceTree = "<group>"; };
		69F398442480D201007A67B3 /* redo.png */ = {isa = PBXFileReference; lastKnownFileType = image.png; path = redo.png; sourceTree = "<group>"; };
		69F398452480D201007A67B3 /* unordered_list.png */ = {isa = PBXFileReference; lastKnownFileType = image.png; path = unordered_list.png; sourceTree = "<group>"; };
		69F398462480D201007A67B3 /* superscript.png */ = {isa = PBXFileReference; lastKnownFileType = image.png; path = superscript.png; sourceTree = "<group>"; };
		69F398472480D201007A67B3 /* insert_image@2x.png */ = {isa = PBXFileReference; lastKnownFileType = image.png; path = "insert_image@2x.png"; sourceTree = "<group>"; };
		69F398482480D201007A67B3 /* text_color.png */ = {isa = PBXFileReference; lastKnownFileType = image.png; path = text_color.png; sourceTree = "<group>"; };
		69F398492480D201007A67B3 /* justify_left.png */ = {isa = PBXFileReference; lastKnownFileType = image.png; path = justify_left.png; sourceTree = "<group>"; };
		69F3984A2480D201007A67B3 /* justify_left@2x.png */ = {isa = PBXFileReference; lastKnownFileType = image.png; path = "justify_left@2x.png"; sourceTree = "<group>"; };
		69F3984B2480D201007A67B3 /* bg_color@2x.png */ = {isa = PBXFileReference; lastKnownFileType = image.png; path = "bg_color@2x.png"; sourceTree = "<group>"; };
		69F3984D2480D201007A67B3 /* rich_editor_tests.js */ = {isa = PBXFileReference; fileEncoding = 4; lastKnownFileType = sourcecode.javascript; path = rich_editor_tests.js; sourceTree = "<group>"; };
		69F3984E2480D201007A67B3 /* assert.js */ = {isa = PBXFileReference; fileEncoding = 4; lastKnownFileType = sourcecode.javascript; path = assert.js; sourceTree = "<group>"; };
		69F3984F2480D201007A67B3 /* rich_editor.js */ = {isa = PBXFileReference; fileEncoding = 4; lastKnownFileType = sourcecode.javascript; path = rich_editor.js; sourceTree = "<group>"; };
		69F398502480D201007A67B3 /* rich_editor_tests.html */ = {isa = PBXFileReference; fileEncoding = 4; lastKnownFileType = text.html; path = rich_editor_tests.html; sourceTree = "<group>"; };
		69F398512480D201007A67B3 /* rich_editor.html */ = {isa = PBXFileReference; fileEncoding = 4; lastKnownFileType = text.html; path = rich_editor.html; sourceTree = "<group>"; };
		69F398522480D201007A67B3 /* style.css */ = {isa = PBXFileReference; fileEncoding = 4; lastKnownFileType = text.css; path = style.css; sourceTree = "<group>"; };
		69F398532480D201007A67B3 /* normalize.css */ = {isa = PBXFileReference; fileEncoding = 4; lastKnownFileType = text.css; path = normalize.css; sourceTree = "<group>"; };
		69F398542480D201007A67B3 /* RichEditorToolbar.swift */ = {isa = PBXFileReference; fileEncoding = 4; lastKnownFileType = sourcecode.swift; path = RichEditorToolbar.swift; sourceTree = "<group>"; };
		69F398552480D201007A67B3 /* RichEditorOptionItem.swift */ = {isa = PBXFileReference; fileEncoding = 4; lastKnownFileType = sourcecode.swift; path = RichEditorOptionItem.swift; sourceTree = "<group>"; };
		7C0738C32459C64F00F5A8B1 /* MailboxTableViewCell.swift */ = {isa = PBXFileReference; lastKnownFileType = sourcecode.swift; path = MailboxTableViewCell.swift; sourceTree = "<group>"; };
		7C23502424601F5B007B051C /* ComposeMailViewController.swift */ = {isa = PBXFileReference; lastKnownFileType = sourcecode.swift; path = ComposeMailViewController.swift; sourceTree = "<group>"; };
		7C28F8F4245A834800CCF478 /* EnvelopeEntity.swift */ = {isa = PBXFileReference; lastKnownFileType = sourcecode.swift; path = EnvelopeEntity.swift; sourceTree = "<group>"; };
		7C28F8F6245A841300CCF478 /* MailManager.swift */ = {isa = PBXFileReference; lastKnownFileType = sourcecode.swift; path = MailManager.swift; sourceTree = "<group>"; };
		7C894DAF2453E090005FED72 /* AccountManager.swift */ = {isa = PBXFileReference; lastKnownFileType = sourcecode.swift; path = AccountManager.swift; sourceTree = "<group>"; };
		7C894DB12453E0D7005FED72 /* BMAccount.swift */ = {isa = PBXFileReference; lastKnownFileType = sourcecode.swift; path = BMAccount.swift; sourceTree = "<group>"; };
		7C894DCB2453F5AD005FED72 /* ContainerViewController.swift */ = {isa = PBXFileReference; lastKnownFileType = sourcecode.swift; path = ContainerViewController.swift; sourceTree = "<group>"; };
		7C894DCF24541365005FED72 /* MenuViewController.swift */ = {isa = PBXFileReference; lastKnownFileType = sourcecode.swift; path = MenuViewController.swift; sourceTree = "<group>"; };
		7C97BEE52456658100693700 /* CoreDataUtils.swift */ = {isa = PBXFileReference; lastKnownFileType = sourcecode.swift; path = CoreDataUtils.swift; sourceTree = "<group>"; };
		7CC57A512472CDFD00BB3E27 /* EmailDetailViewController.swift */ = {isa = PBXFileReference; lastKnownFileType = sourcecode.swift; path = EmailDetailViewController.swift; sourceTree = "<group>"; };
		7CD9DFC224733AC700BEF4B8 /* StampViewController.swift */ = {isa = PBXFileReference; lastKnownFileType = sourcecode.swift; path = StampViewController.swift; sourceTree = "<group>"; };
		7CE20B6F2464C89600721074 /* Contact.swift */ = {isa = PBXFileReference; lastKnownFileType = sourcecode.swift; path = Contact.swift; sourceTree = "<group>"; };
		7CE20B712464C97900721074 /* File.swift */ = {isa = PBXFileReference; lastKnownFileType = sourcecode.swift; path = File.swift; sourceTree = "<group>"; };
		7CE20B782464D0FB00721074 /* TLPhotoPicker.framework */ = {isa = PBXFileReference; lastKnownFileType = wrapper.framework; name = TLPhotoPicker.framework; path = Carthage/Build/iOS/TLPhotoPicker.framework; sourceTree = "<group>"; };
		7CFB888B24590AFF00106EFE /* MenuTableViewCell.swift */ = {isa = PBXFileReference; lastKnownFileType = sourcecode.swift; path = MenuTableViewCell.swift; sourceTree = "<group>"; };
/* End PBXFileReference section */

/* Begin PBXFrameworksBuildPhase section */
		69A34B4E2452E966004F5166 /* Frameworks */ = {
			isa = PBXFrameworksBuildPhase;
			buildActionMask = 2147483647;
			files = (
				69A16AA62463DEF000CB71BF /* CICropPicker.framework in Frameworks */,
				69C16C092474DC9000DAC81A /* TagListView.framework in Frameworks */,
				691C4A35245558E6000529E9 /* BmailLib.framework in Frameworks */,
				69A13AD124628419008150E1 /* CLTokenInputView.framework in Frameworks */,
				7CE20B792464D0FB00721074 /* TLPhotoPicker.framework in Frameworks */,
				691C4A152455319E000529E9 /* MBProgressHUD.framework in Frameworks */,
			);
			runOnlyForDeploymentPostprocessing = 0;
		};
/* End PBXFrameworksBuildPhase section */

/* Begin PBXGroup section */
		691AD1A1247E949200256B37 /* Setting */ = {
			isa = PBXGroup;
			children = (
				694F2ADC2472412400AAA8FA /* SettingViewController.swift */,
				7CD9DFC224733AC700BEF4B8 /* StampViewController.swift */,
				694F2AE0247241C100AAA8FA /* HelpViewController.swift */,
				694F2ADE2472418300AAA8FA /* BugReportViewController.swift */,
				694F2ADA2472406900AAA8FA /* ContactViewController.swift */,
				69424C86249DFE1E009CBC77 /* ContactItemTableViewCell.swift */,
				69424C88249E0387009CBC77 /* ContactNewViewController.swift */,
				691AD1A2247E94DA00256B37 /* SysDataSettingsTVC.swift */,
			);
			path = Setting;
			sourceTree = "<group>";
		};
		691C4A0824552EF8000529E9 /* utils */ = {
			isa = PBXGroup;
			children = (
				69AE0C5424825D2800244C06 /* CoreDataManager.swift */,
				691C4A3724555BD2000529E9 /* Constants.swift */,
				691C4A1A2455460A000529E9 /* OnePasswordViewController.swift */,
				691C4A112455316C000529E9 /* QRCodeShowViewController.swift */,
				691C4A0924552F3E000529E9 /* ScannerViewController.swift */,
				691C4A0B24553033000529E9 /* ViewController+Utils.swift */,
				691C4A0D24553069000529E9 /* Utils.swift */,
				7C97BEE52456658100693700 /* CoreDataUtils.swift */,
				69158DE62456840100D74244 /* BMError.swift */,
				6947F1EF2474F9EC003820F9 /* ReplyDetailUIView.swift */,
				69ADBF85249C6C6400011A04 /* LibWrapper.swift */,
			);
			path = utils;
			sourceTree = "<group>";
		};
		691C4A132455319D000529E9 /* Frameworks */ = {
			isa = PBXGroup;
			children = (
				69C16C082474DC8F00DAC81A /* TagListView.framework */,
				7CE20B782464D0FB00721074 /* TLPhotoPicker.framework */,
				69A16AA52463DEF000CB71BF /* CICropPicker.framework */,
				69A13AD024628419008150E1 /* CLTokenInputView.framework */,
				691C4A34245558E6000529E9 /* BmailLib.framework */,
				691C4A142455319E000529E9 /* MBProgressHUD.framework */,
			);
			name = Frameworks;
			sourceTree = "<group>";
		};
		691C4A39245588C5000529E9 /* account */ = {
			isa = PBXGroup;
			children = (
				69A26AB92456EB8E00D73FF1 /* ConfigMailNameViewController.swift */,
				691C4A3B245588F5000529E9 /* NewAccountViewController.swift */,
				69A26AB52456C3F300D73FF1 /* BackUpAccountViewController.swift */,
				69A26AB72456DE3A00D73FF1 /* BMailAddressViewController.swift */,
				694F2AD6247236C400AAA8FA /* AccountSettingViewController.swift */,
				693448D324A18DBA008287A6 /* AccountHeaderViewController.swift */,
				699980C624726BB800F02B2F /* AccountSettingCell.swift */,
			);
			path = account;
			sourceTree = "<group>";
		};
		691C4A3A245588CF000529E9 /* inbox */ = {
			isa = PBXGroup;
			children = (
				69A34B5B2452E966004F5166 /* InboxViewController.swift */,
				69DB1D0124626E2E00CECC76 /* AttachmentOptionsContainerView.swift */,
				7C894DCF24541365005FED72 /* MenuViewController.swift */,
				7CFB888B24590AFF00106EFE /* MenuTableViewCell.swift */,
				7C0738C32459C64F00F5A8B1 /* MailboxTableViewCell.swift */,
				7C23502424601F5B007B051C /* ComposeMailViewController.swift */,
				7CC57A512472CDFD00BB3E27 /* EmailDetailViewController.swift */,
				69C16C042474D76C00DAC81A /* EmailDetailHeaderCell.swift */,
				6947F1F12475110C003820F9 /* EmailDetailHeaderCell.xib */,
				69C16C062474D77900DAC81A /* EmailDetailFooterCell.swift */,
				69C16BFE2474CD7E00DAC81A /* EmailDetailsTableViewCell.swift */,
				69DB1CFF24626DF600CECC76 /* ContactTableViewCell.swift */,
				69AD7B9B24A2269A00D1A0BC /* EmailDetailsContactViewController.swift */,
				69DB1CFD24626DBC00CECC76 /* AttachmentTableViewCell.swift */,
				69A13AD42462AC5C008150E1 /* RichEditorWrapperView.swift */,
			);
			path = inbox;
			sourceTree = "<group>";
		};
		69A34B482452E966004F5166 = {
			isa = PBXGroup;
			children = (
				69B0D9E624AF3330006B665B /* Default-568h@2x.png */,
				69F3980C2480D201007A67B3 /* RichEditorView */,
				691C4A0F24553095000529E9 /* Cartfile */,
				69A34B532452E966004F5166 /* BMail */,
				69A34B522452E966004F5166 /* Products */,
				691C4A132455319D000529E9 /* Frameworks */,
			);
			sourceTree = "<group>";
		};
		69A34B522452E966004F5166 /* Products */ = {
			isa = PBXGroup;
			children = (
				69A34B512452E966004F5166 /* BMail.app */,
			);
			name = Products;
			sourceTree = "<group>";
		};
		69A34B532452E966004F5166 /* BMail */ = {
			isa = PBXGroup;
			children = (
				691C4A0824552EF8000529E9 /* utils */,
				7C96922124551127008D8A33 /* logic */,
				7C9692202455110B008D8A33 /* controller */,
				69A34B542452E966004F5166 /* AppDelegate.swift */,
				69A34B5F2452E966004F5166 /* Main.storyboard */,
				69A34B622452E967004F5166 /* Assets.xcassets */,
				69A34B642452E967004F5166 /* LaunchScreen.storyboard */,
				69B0D9E124AF3225006B665B /* Info.plist */,
				69B0D9F724AF3E1F006B665B /* InfoPlist.strings */,
				6964D11924A43CC000A2609E /* Localizable.strings */,
				69A34B562452E966004F5166 /* BMail.xcdatamodeld */,
			);
			path = BMail;
			sourceTree = "<group>";
		};
		69F3980C2480D201007A67B3 /* RichEditorView */ = {
			isa = PBXGroup;
			children = (
				69F3980D2480D201007A67B3 /* RichEditorView.swift */,
				69F3980E2480D201007A67B3 /* String+Extensions.swift */,
				69F3980F2480D201007A67B3 /* UIColor+Extensions.swift */,
				69F398102480D201007A67B3 /* Resources */,
				69F398542480D201007A67B3 /* RichEditorToolbar.swift */,
				69F398552480D201007A67B3 /* RichEditorOptionItem.swift */,
			);
			name = RichEditorView;
			path = BMail/RichEditorView;
			sourceTree = "<group>";
		};
		69F398102480D201007A67B3 /* Resources */ = {
			isa = PBXGroup;
			children = (
				69F398112480D201007A67B3 /* icons */,
				69F3984C2480D201007A67B3 /* editor */,
			);
			path = Resources;
			sourceTree = "<group>";
		};
		69F398112480D201007A67B3 /* icons */ = {
			isa = PBXGroup;
			children = (
				69F398122480D201007A67B3 /* h2@2x.png */,
				69F398132480D201007A67B3 /* insert_video@2x.png */,
				69F398142480D201007A67B3 /* outdent.png */,
				69F398152480D201007A67B3 /* text_color@2x.png */,
				69F398162480D201007A67B3 /* bg_color.png */,
				69F398172480D201007A67B3 /* bold.png */,
				69F398182480D201007A67B3 /* insert_video.png */,
				69F398192480D201007A67B3 /* indent.png */,
				69F3981A2480D201007A67B3 /* unordered_list@2x.png */,
				69F3981B2480D201007A67B3 /* indent@2x.png */,
				69F3981C2480D201007A67B3 /* checkbox@2x.png */,
				69F3981D2480D201007A67B3 /* justify_center@2x.png */,
				69F3981E2480D201007A67B3 /* insert_image.png */,
				69F3981F2480D201007A67B3 /* ordered_list@2x.png */,
				69F398202480D201007A67B3 /* clear.png */,
				69F398212480D201007A67B3 /* underline@2x.png */,
				69F398222480D201007A67B3 /* insert_table.png */,
				69F398232480D201007A67B3 /* strikethrough.png */,
				69F398242480D201007A67B3 /* h4@2x.png */,
				69F398252480D201007A67B3 /* ordered_list.png */,
				69F398262480D201007A67B3 /* h6@2x.png */,
				69F398272480D201007A67B3 /* justify_right@2x.png */,
				69F398282480D201007A67B3 /* subscript.png */,
				69F398292480D201007A67B3 /* underline.png */,
				69F3982A2480D201007A67B3 /* h5.png */,
				69F3982B2480D201007A67B3 /* outdent@2x.png */,
				69F3982C2480D201007A67B3 /* superscript@2x.png */,
				69F3982D2480D201007A67B3 /* h4.png */,
				69F3982E2480D201007A67B3 /* h6.png */,
				69F3982F2480D201007A67B3 /* strikethrough@2x.png */,
				69F398302480D201007A67B3 /* insert_table@2x.png */,
				69F398312480D201007A67B3 /* h3@2x.png */,
				69F398322480D201007A67B3 /* h3.png */,
				69F398332480D201007A67B3 /* undo@2x.png */,
				69F398342480D201007A67B3 /* h1@2x.png */,
				69F398352480D201007A67B3 /* italic.png */,
				69F398362480D201007A67B3 /* insert_link.png */,
				69F398372480D201007A67B3 /* h2.png */,
				69F398382480D201007A67B3 /* undo.png */,
				69F398392480D201007A67B3 /* h1.png */,
				69F3983A2480D201007A67B3 /* insert_link@2x.png */,
				69F3983B2480D201007A67B3 /* bold@2x.png */,
				69F3983C2480D201007A67B3 /* italic@2x.png */,
				69F3983D2480D201007A67B3 /* justify_center.png */,
				69F3983E2480D201007A67B3 /* h5@2x.png */,
				69F3983F2480D201007A67B3 /* clear@2x.png */,
				69F398402480D201007A67B3 /* checkbox.png */,
				69F398412480D201007A67B3 /* subscript@2x.png */,
				69F398422480D201007A67B3 /* redo@2x.png */,
				69F398432480D201007A67B3 /* justify_right.png */,
				69F398442480D201007A67B3 /* redo.png */,
				69F398452480D201007A67B3 /* unordered_list.png */,
				69F398462480D201007A67B3 /* superscript.png */,
				69F398472480D201007A67B3 /* insert_image@2x.png */,
				69F398482480D201007A67B3 /* text_color.png */,
				69F398492480D201007A67B3 /* justify_left.png */,
				69F3984A2480D201007A67B3 /* justify_left@2x.png */,
				69F3984B2480D201007A67B3 /* bg_color@2x.png */,
			);
			path = icons;
			sourceTree = "<group>";
		};
		69F3984C2480D201007A67B3 /* editor */ = {
			isa = PBXGroup;
			children = (
				69F3984D2480D201007A67B3 /* rich_editor_tests.js */,
				69F3984E2480D201007A67B3 /* assert.js */,
				69F3984F2480D201007A67B3 /* rich_editor.js */,
				69F398502480D201007A67B3 /* rich_editor_tests.html */,
				69F398512480D201007A67B3 /* rich_editor.html */,
				69F398522480D201007A67B3 /* style.css */,
				69F398532480D201007A67B3 /* normalize.css */,
			);
			path = editor;
			sourceTree = "<group>";
		};
		7C9692202455110B008D8A33 /* controller */ = {
			isa = PBXGroup;
			children = (
				691AD1A1247E949200256B37 /* Setting */,
				691C4A3A245588CF000529E9 /* inbox */,
				691C4A39245588C5000529E9 /* account */,
				7C894DCB2453F5AD005FED72 /* ContainerViewController.swift */,
				694F2AD824723AC600AAA8FA /* CenterViewController.swift */,
			);
			path = controller;
			sourceTree = "<group>";
		};
		7C96922124551127008D8A33 /* logic */ = {
			isa = PBXGroup;
			children = (
				7C894DAF2453E090005FED72 /* AccountManager.swift */,
				7C894DB12453E0D7005FED72 /* BMAccount.swift */,
				7C28F8F4245A834800CCF478 /* EnvelopeEntity.swift */,
				7C28F8F6245A841300CCF478 /* MailManager.swift */,
				69158DE424567FB000D74244 /* SystemConf.swift */,
				7CE20B6F2464C89600721074 /* Contact.swift */,
				7CE20B712464C97900721074 /* File.swift */,
			);
			path = logic;
			sourceTree = "<group>";
		};
/* End PBXGroup section */

/* Begin PBXNativeTarget section */
		69A34B502452E966004F5166 /* BMail */ = {
			isa = PBXNativeTarget;
			buildConfigurationList = 69A34B6A2452E967004F5166 /* Build configuration list for PBXNativeTarget "BMail" */;
			buildPhases = (
				69A34B4D2452E966004F5166 /* Sources */,
				69A34B4E2452E966004F5166 /* Frameworks */,
				69A34B4F2452E966004F5166 /* Resources */,
				69A26AB42456B91F00D73FF1 /* carthage */,
			);
			buildRules = (
			);
			dependencies = (
			);
			name = BMail;
			productName = BMail;
			productReference = 69A34B512452E966004F5166 /* BMail.app */;
			productType = "com.apple.product-type.application";
		};
/* End PBXNativeTarget section */

/* Begin PBXProject section */
		69A34B492452E966004F5166 /* Project object */ = {
			isa = PBXProject;
			attributes = {
				LastSwiftUpdateCheck = 1140;
				LastUpgradeCheck = 1140;
				ORGANIZATIONNAME = NBS;
				TargetAttributes = {
					69A34B502452E966004F5166 = {
						CreatedOnToolsVersion = 11.4.1;
					};
				};
			};
			buildConfigurationList = 69A34B4C2452E966004F5166 /* Build configuration list for PBXProject "BMail" */;
			compatibilityVersion = "Xcode 9.3";
			developmentRegion = en;
			hasScannedForEncodings = 0;
			knownRegions = (
				en,
				Base,
				"zh-Hans",
				ja,
			);
			mainGroup = 69A34B482452E966004F5166;
			productRefGroup = 69A34B522452E966004F5166 /* Products */;
			projectDirPath = "";
			projectRoot = "";
			targets = (
				69A34B502452E966004F5166 /* BMail */,
			);
		};
/* End PBXProject section */

/* Begin PBXResourcesBuildPhase section */
		69A34B4F2452E966004F5166 /* Resources */ = {
			isa = PBXResourcesBuildPhase;
			buildActionMask = 2147483647;
			files = (
				69F398792480D201007A67B3 /* h3.png in Resources */,
				69A34B662452E967004F5166 /* LaunchScreen.storyboard in Resources */,
				69F398972480D201007A67B3 /* rich_editor.html in Resources */,
				69F398602480D201007A67B3 /* indent.png in Resources */,
				69F3985C2480D201007A67B3 /* text_color@2x.png in Resources */,
				69F398652480D201007A67B3 /* insert_image.png in Resources */,
				69A34B632452E967004F5166 /* Assets.xcassets in Resources */,
				69F398752480D201007A67B3 /* h6.png in Resources */,
				691C4A1024553095000529E9 /* Cartfile in Resources */,
				69F398702480D201007A67B3 /* underline.png in Resources */,
				69F398852480D201007A67B3 /* h5@2x.png in Resources */,
				69F398952480D201007A67B3 /* rich_editor.js in Resources */,
				69F398612480D201007A67B3 /* unordered_list@2x.png in Resources */,
				69B0D9F524AF3E1F006B665B /* InfoPlist.strings in Resources */,
				69F398682480D201007A67B3 /* underline@2x.png in Resources */,
				69F3987F2480D201007A67B3 /* undo.png in Resources */,
				69F398902480D201007A67B3 /* justify_left.png in Resources */,
				69F3986E2480D201007A67B3 /* justify_right@2x.png in Resources */,
				69F3985F2480D201007A67B3 /* insert_video.png in Resources */,
				69F398762480D201007A67B3 /* strikethrough@2x.png in Resources */,
				69F398732480D201007A67B3 /* superscript@2x.png in Resources */,
				69F3988D2480D201007A67B3 /* superscript.png in Resources */,
				69F398692480D201007A67B3 /* insert_table.png in Resources */,
				69F3986F2480D201007A67B3 /* subscript.png in Resources */,
				69F398912480D201007A67B3 /* justify_left@2x.png in Resources */,
				69F398962480D201007A67B3 /* rich_editor_tests.html in Resources */,
				69F3985A2480D201007A67B3 /* insert_video@2x.png in Resources */,
				69F398722480D201007A67B3 /* outdent@2x.png in Resources */,
				69F398832480D201007A67B3 /* italic@2x.png in Resources */,
				69F3987E2480D201007A67B3 /* h2.png in Resources */,
				69B0D9E724AF3330006B665B /* Default-568h@2x.png in Resources */,
				69F3986C2480D201007A67B3 /* ordered_list.png in Resources */,
				69F398862480D201007A67B3 /* clear@2x.png in Resources */,
				69F398942480D201007A67B3 /* assert.js in Resources */,
				69F398672480D201007A67B3 /* clear.png in Resources */,
				69F398642480D201007A67B3 /* justify_center@2x.png in Resources */,
				69F3987A2480D201007A67B3 /* undo@2x.png in Resources */,
				69F3987C2480D201007A67B3 /* italic.png in Resources */,
				69F3985B2480D201007A67B3 /* outdent.png in Resources */,
				69F398992480D201007A67B3 /* normalize.css in Resources */,
				69F398982480D201007A67B3 /* style.css in Resources */,
				69F398812480D201007A67B3 /* insert_link@2x.png in Resources */,
				69A34B612452E966004F5166 /* Main.storyboard in Resources */,
				6964D11724A43CC000A2609E /* Localizable.strings in Resources */,
				69F3986A2480D201007A67B3 /* strikethrough.png in Resources */,
				69F398712480D201007A67B3 /* h5.png in Resources */,
				69F3988E2480D201007A67B3 /* insert_image@2x.png in Resources */,
				69F398872480D201007A67B3 /* checkbox.png in Resources */,
				69F398742480D201007A67B3 /* h4.png in Resources */,
				69F398662480D201007A67B3 /* ordered_list@2x.png in Resources */,
				69F398592480D201007A67B3 /* h2@2x.png in Resources */,
				69F3988F2480D201007A67B3 /* text_color.png in Resources */,
				69F398892480D201007A67B3 /* redo@2x.png in Resources */,
				69F3985E2480D201007A67B3 /* bold.png in Resources */,
				69F398622480D201007A67B3 /* indent@2x.png in Resources */,
				69F398772480D201007A67B3 /* insert_table@2x.png in Resources */,
				69F398932480D201007A67B3 /* rich_editor_tests.js in Resources */,
				69F398802480D201007A67B3 /* h1.png in Resources */,
				69F398782480D201007A67B3 /* h3@2x.png in Resources */,
				6947F1F22475110C003820F9 /* EmailDetailHeaderCell.xib in Resources */,
				69F3986B2480D201007A67B3 /* h4@2x.png in Resources */,
				69F398922480D201007A67B3 /* bg_color@2x.png in Resources */,
				69F398822480D201007A67B3 /* bold@2x.png in Resources */,
				69F3988A2480D201007A67B3 /* justify_right.png in Resources */,
				69F398882480D201007A67B3 /* subscript@2x.png in Resources */,
				69F398632480D201007A67B3 /* checkbox@2x.png in Resources */,
				69F3988B2480D201007A67B3 /* redo.png in Resources */,
				69F3986D2480D201007A67B3 /* h6@2x.png in Resources */,
				69F398842480D201007A67B3 /* justify_center.png in Resources */,
				69F3987B2480D201007A67B3 /* h1@2x.png in Resources */,
				69F3988C2480D201007A67B3 /* unordered_list.png in Resources */,
				69F3987D2480D201007A67B3 /* insert_link.png in Resources */,
				69F3985D2480D201007A67B3 /* bg_color.png in Resources */,
			);
			runOnlyForDeploymentPostprocessing = 0;
		};
/* End PBXResourcesBuildPhase section */

/* Begin PBXShellScriptBuildPhase section */
		69A26AB42456B91F00D73FF1 /* carthage */ = {
			isa = PBXShellScriptBuildPhase;
			buildActionMask = 2147483647;
			files = (
			);
			inputFileListPaths = (
			);
			inputPaths = (
				"$(SRCROOT)/Carthage/Build/iOS/MBProgressHUD.framework",
				"$(SRCROOT)/Carthage/Build/iOS/CLTokenInputView.framework",
				"$(SRCROOT)/Carthage/Build/iOS/CICropPicker.framework",
				"$(SRCROOT)/Carthage/Build/iOS/TLPhotoPicker.framework",
				"$(SRCROOT)/Carthage/Build/iOS/TagListView.framework",
			);
			name = carthage;
			outputFileListPaths = (
			);
			outputPaths = (
			);
			runOnlyForDeploymentPostprocessing = 0;
			shellPath = /bin/sh;
			shellScript = "# Type a script or drag a script file from your workspace to insert its path.\n/usr/local/bin/carthage copy-frameworks\n";
		};
/* End PBXShellScriptBuildPhase section */

/* Begin PBXSourcesBuildPhase section */
		69A34B4D2452E966004F5166 /* Sources */ = {
			isa = PBXSourcesBuildPhase;
			buildActionMask = 2147483647;
			files = (
				69AE0C5524825D2800244C06 /* CoreDataManager.swift in Sources */,
				69A34B5C2452E966004F5166 /* InboxViewController.swift in Sources */,
				7C28F8F5245A834800CCF478 /* EnvelopeEntity.swift in Sources */,
				7C894DD024541365005FED72 /* MenuViewController.swift in Sources */,
				7C894DB02453E090005FED72 /* AccountManager.swift in Sources */,
				69A13AD52462AC5C008150E1 /* RichEditorWrapperView.swift in Sources */,
				7C97BEE62456658100693700 /* CoreDataUtils.swift in Sources */,
				7CE20B702464C89600721074 /* Contact.swift in Sources */,
				69F398562480D201007A67B3 /* RichEditorView.swift in Sources */,
				69158DE524567FB000D74244 /* SystemConf.swift in Sources */,
				691C4A0A24552F3E000529E9 /* ScannerViewController.swift in Sources */,
				69A26AB62456C3F300D73FF1 /* BackUpAccountViewController.swift in Sources */,
				69F398582480D201007A67B3 /* UIColor+Extensions.swift in Sources */,
				7CC57A522472CDFD00BB3E27 /* EmailDetailViewController.swift in Sources */,
				69DB1CFE24626DBC00CECC76 /* AttachmentTableViewCell.swift in Sources */,
				7CE20B722464C97900721074 /* File.swift in Sources */,
				7C23502524601F5B007B051C /* ComposeMailViewController.swift in Sources */,
				7C28F8F7245A841300CCF478 /* MailManager.swift in Sources */,
				69A34B552452E966004F5166 /* AppDelegate.swift in Sources */,
				69DB1D0224626E2E00CECC76 /* AttachmentOptionsContainerView.swift in Sources */,
				69F3989A2480D201007A67B3 /* RichEditorToolbar.swift in Sources */,
				7CFB888C24590AFF00106EFE /* MenuTableViewCell.swift in Sources */,
				69C16C072474D77900DAC81A /* EmailDetailFooterCell.swift in Sources */,
				699980C724726BB800F02B2F /* AccountSettingCell.swift in Sources */,
				69C16BFF2474CD7E00DAC81A /* EmailDetailsTableViewCell.swift in Sources */,
				694F2AE1247241C100AAA8FA /* HelpViewController.swift in Sources */,
				694F2AD7247236C400AAA8FA /* AccountSettingViewController.swift in Sources */,
				69158DE72456840100D74244 /* BMError.swift in Sources */,
				694F2AD924723AC600AAA8FA /* CenterViewController.swift in Sources */,
				691C4A3824555BD2000529E9 /* Constants.swift in Sources */,
				69F3989B2480D201007A67B3 /* RichEditorOptionItem.swift in Sources */,
				69A34B582452E966004F5166 /* BMail.xcdatamodeld in Sources */,
				694F2ADF2472418300AAA8FA /* BugReportViewController.swift in Sources */,
				7CD9DFC324733AC700BEF4B8 /* StampViewController.swift in Sources */,
				691C4A1B2455460A000529E9 /* OnePasswordViewController.swift in Sources */,
				69A26ABA2456EB8E00D73FF1 /* ConfigMailNameViewController.swift in Sources */,
				7C894DB22453E0D7005FED72 /* BMAccount.swift in Sources */,
				691C4A0C24553033000529E9 /* ViewController+Utils.swift in Sources */,
				69F398572480D201007A67B3 /* String+Extensions.swift in Sources */,
				7C894DCC2453F5AD005FED72 /* ContainerViewController.swift in Sources */,
				691C4A122455316D000529E9 /* QRCodeShowViewController.swift in Sources */,
				69ADBF86249C6C6400011A04 /* LibWrapper.swift in Sources */,
				693448D424A18DBA008287A6 /* AccountHeaderViewController.swift in Sources */,
				69AD7B9C24A2269A00D1A0BC /* EmailDetailsContactViewController.swift in Sources */,
				691AD1A3247E94DA00256B37 /* SysDataSettingsTVC.swift in Sources */,
				694F2ADB2472406900AAA8FA /* ContactViewController.swift in Sources */,
				7C0738C42459C64F00F5A8B1 /* MailboxTableViewCell.swift in Sources */,
				69C16C052474D76C00DAC81A /* EmailDetailHeaderCell.swift in Sources */,
				6947F1F02474F9EC003820F9 /* ReplyDetailUIView.swift in Sources */,
				69A26AB82456DE3A00D73FF1 /* BMailAddressViewController.swift in Sources */,
				69424C87249DFE1E009CBC77 /* ContactItemTableViewCell.swift in Sources */,
				691C4A0E24553069000529E9 /* Utils.swift in Sources */,
				694F2ADD2472412400AAA8FA /* SettingViewController.swift in Sources */,
				69424C89249E0387009CBC77 /* ContactNewViewController.swift in Sources */,
				691C4A3C245588F5000529E9 /* NewAccountViewController.swift in Sources */,
				69DB1D0024626DF600CECC76 /* ContactTableViewCell.swift in Sources */,
			);
			runOnlyForDeploymentPostprocessing = 0;
		};
/* End PBXSourcesBuildPhase section */

/* Begin PBXVariantGroup section */
		6964D11924A43CC000A2609E /* Localizable.strings */ = {
			isa = PBXVariantGroup;
			children = (
				6964D11824A43CC000A2609E /* en */,
				6964D11A24A43CC900A2609E /* zh-Hans */,
				6964D11D24A43EE000A2609E /* ja */,
			);
			name = Localizable.strings;
			sourceTree = "<group>";
		};
		69A34B5F2452E966004F5166 /* Main.storyboard */ = {
			isa = PBXVariantGroup;
			children = (
				69A34B602452E966004F5166 /* Base */,
				6964D11324A43BE400A2609E /* zh-Hans */,
				6964D11B24A43EDF00A2609E /* ja */,
			);
			name = Main.storyboard;
			sourceTree = "<group>";
		};
		69A34B642452E967004F5166 /* LaunchScreen.storyboard */ = {
			isa = PBXVariantGroup;
			children = (
				69A34B652452E967004F5166 /* Base */,
				6964D12424A441FC00A2609E /* zh-Hans */,
				6964D12524A4420100A2609E /* ja */,
				6964D12724A4421F00A2609E /* en */,
			);
			name = LaunchScreen.storyboard;
			sourceTree = "<group>";
		};
		69B0D9E124AF3225006B665B /* Info.plist */ = {
			isa = PBXVariantGroup;
			children = (
				69B0D9F224AF3B68006B665B /* en */,
			);
			name = Info.plist;
			sourceTree = "<group>";
		};
		69B0D9F724AF3E1F006B665B /* InfoPlist.strings */ = {
			isa = PBXVariantGroup;
			children = (
				69B0D9F624AF3E1F006B665B /* ja */,
				69B0D9F824AF3E44006B665B /* zh-Hans */,
			);
			name = InfoPlist.strings;
			sourceTree = "<group>";
		};
/* End PBXVariantGroup section */

/* Begin XCBuildConfiguration section */
		69A34B682452E967004F5166 /* Debug */ = {
			isa = XCBuildConfiguration;
			buildSettings = {
				ALWAYS_SEARCH_USER_PATHS = NO;
				CLANG_ANALYZER_LOCALIZABILITY_NONLOCALIZED = YES;
				CLANG_ANALYZER_NONNULL = YES;
				CLANG_ANALYZER_NUMBER_OBJECT_CONVERSION = YES_AGGRESSIVE;
				CLANG_CXX_LANGUAGE_STANDARD = "gnu++14";
				CLANG_CXX_LIBRARY = "libc++";
				CLANG_ENABLE_MODULES = YES;
				CLANG_ENABLE_OBJC_ARC = YES;
				CLANG_ENABLE_OBJC_WEAK = YES;
				CLANG_WARN_BLOCK_CAPTURE_AUTORELEASING = YES;
				CLANG_WARN_BOOL_CONVERSION = YES;
				CLANG_WARN_COMMA = YES;
				CLANG_WARN_CONSTANT_CONVERSION = YES;
				CLANG_WARN_DEPRECATED_OBJC_IMPLEMENTATIONS = YES;
				CLANG_WARN_DIRECT_OBJC_ISA_USAGE = YES_ERROR;
				CLANG_WARN_DOCUMENTATION_COMMENTS = YES;
				CLANG_WARN_EMPTY_BODY = YES;
				CLANG_WARN_ENUM_CONVERSION = YES;
				CLANG_WARN_INFINITE_RECURSION = YES;
				CLANG_WARN_INT_CONVERSION = YES;
				CLANG_WARN_NON_LITERAL_NULL_CONVERSION = YES;
				CLANG_WARN_OBJC_IMPLICIT_RETAIN_SELF = YES;
				CLANG_WARN_OBJC_LITERAL_CONVERSION = YES;
				CLANG_WARN_OBJC_ROOT_CLASS = YES_ERROR;
				CLANG_WARN_RANGE_LOOP_ANALYSIS = YES;
				CLANG_WARN_STRICT_PROTOTYPES = YES;
				CLANG_WARN_SUSPICIOUS_MOVE = YES;
				CLANG_WARN_UNGUARDED_AVAILABILITY = YES_AGGRESSIVE;
				CLANG_WARN_UNREACHABLE_CODE = YES;
				CLANG_WARN__DUPLICATE_METHOD_MATCH = YES;
				COPY_PHASE_STRIP = NO;
				DEBUG_INFORMATION_FORMAT = dwarf;
				ENABLE_STRICT_OBJC_MSGSEND = YES;
				ENABLE_TESTABILITY = YES;
				GCC_C_LANGUAGE_STANDARD = gnu11;
				GCC_DYNAMIC_NO_PIC = NO;
				GCC_NO_COMMON_BLOCKS = YES;
				GCC_OPTIMIZATION_LEVEL = 0;
				GCC_PREPROCESSOR_DEFINITIONS = (
					"DEBUG=1",
					"$(inherited)",
				);
				GCC_WARN_64_TO_32_BIT_CONVERSION = YES;
				GCC_WARN_ABOUT_RETURN_TYPE = YES_ERROR;
				GCC_WARN_UNDECLARED_SELECTOR = YES;
				GCC_WARN_UNINITIALIZED_AUTOS = YES_AGGRESSIVE;
				GCC_WARN_UNUSED_FUNCTION = YES;
				GCC_WARN_UNUSED_VARIABLE = YES;
				IPHONEOS_DEPLOYMENT_TARGET = 13.4;
				MTL_ENABLE_DEBUG_INFO = INCLUDE_SOURCE;
				MTL_FAST_MATH = YES;
				ONLY_ACTIVE_ARCH = YES;
				SDKROOT = iphoneos;
				SWIFT_ACTIVE_COMPILATION_CONDITIONS = DEBUG;
				SWIFT_OPTIMIZATION_LEVEL = "-Onone";
			};
			name = Debug;
		};
		69A34B692452E967004F5166 /* Release */ = {
			isa = XCBuildConfiguration;
			buildSettings = {
				ALWAYS_SEARCH_USER_PATHS = NO;
				CLANG_ANALYZER_LOCALIZABILITY_NONLOCALIZED = YES;
				CLANG_ANALYZER_NONNULL = YES;
				CLANG_ANALYZER_NUMBER_OBJECT_CONVERSION = YES_AGGRESSIVE;
				CLANG_CXX_LANGUAGE_STANDARD = "gnu++14";
				CLANG_CXX_LIBRARY = "libc++";
				CLANG_ENABLE_MODULES = YES;
				CLANG_ENABLE_OBJC_ARC = YES;
				CLANG_ENABLE_OBJC_WEAK = YES;
				CLANG_WARN_BLOCK_CAPTURE_AUTORELEASING = YES;
				CLANG_WARN_BOOL_CONVERSION = YES;
				CLANG_WARN_COMMA = YES;
				CLANG_WARN_CONSTANT_CONVERSION = YES;
				CLANG_WARN_DEPRECATED_OBJC_IMPLEMENTATIONS = YES;
				CLANG_WARN_DIRECT_OBJC_ISA_USAGE = YES_ERROR;
				CLANG_WARN_DOCUMENTATION_COMMENTS = YES;
				CLANG_WARN_EMPTY_BODY = YES;
				CLANG_WARN_ENUM_CONVERSION = YES;
				CLANG_WARN_INFINITE_RECURSION = YES;
				CLANG_WARN_INT_CONVERSION = YES;
				CLANG_WARN_NON_LITERAL_NULL_CONVERSION = YES;
				CLANG_WARN_OBJC_IMPLICIT_RETAIN_SELF = YES;
				CLANG_WARN_OBJC_LITERAL_CONVERSION = YES;
				CLANG_WARN_OBJC_ROOT_CLASS = YES_ERROR;
				CLANG_WARN_RANGE_LOOP_ANALYSIS = YES;
				CLANG_WARN_STRICT_PROTOTYPES = YES;
				CLANG_WARN_SUSPICIOUS_MOVE = YES;
				CLANG_WARN_UNGUARDED_AVAILABILITY = YES_AGGRESSIVE;
				CLANG_WARN_UNREACHABLE_CODE = YES;
				CLANG_WARN__DUPLICATE_METHOD_MATCH = YES;
				COPY_PHASE_STRIP = NO;
				DEBUG_INFORMATION_FORMAT = "dwarf-with-dsym";
				ENABLE_NS_ASSERTIONS = NO;
				ENABLE_STRICT_OBJC_MSGSEND = YES;
				GCC_C_LANGUAGE_STANDARD = gnu11;
				GCC_NO_COMMON_BLOCKS = YES;
				GCC_WARN_64_TO_32_BIT_CONVERSION = YES;
				GCC_WARN_ABOUT_RETURN_TYPE = YES_ERROR;
				GCC_WARN_UNDECLARED_SELECTOR = YES;
				GCC_WARN_UNINITIALIZED_AUTOS = YES_AGGRESSIVE;
				GCC_WARN_UNUSED_FUNCTION = YES;
				GCC_WARN_UNUSED_VARIABLE = YES;
				IPHONEOS_DEPLOYMENT_TARGET = 13.4;
				MTL_ENABLE_DEBUG_INFO = NO;
				MTL_FAST_MATH = YES;
				SDKROOT = iphoneos;
				SWIFT_COMPILATION_MODE = wholemodule;
				SWIFT_OPTIMIZATION_LEVEL = "-O";
				VALIDATE_PRODUCT = YES;
			};
			name = Release;
		};
		69A34B6B2452E967004F5166 /* Debug */ = {
			isa = XCBuildConfiguration;
			buildSettings = {
				ASSETCATALOG_COMPILER_APPICON_NAME = AppIcon;
				CODE_SIGN_STYLE = Automatic;
				CURRENT_PROJECT_VERSION = 1;
				DEVELOPMENT_TEAM = 7745PS7TY6;
				ENABLE_BITCODE = NO;
				FRAMEWORK_SEARCH_PATHS = (
					"$(PROJECT_DIR)/Carthage/Build/iOS",
					"$(PROJECT_DIR)/bin",
				);
				INFOPLIST_FILE = BMail/Info.plist;
				IPHONEOS_DEPLOYMENT_TARGET = 11.0;
				LD_RUNPATH_SEARCH_PATHS = (
					"$(inherited)",
					"@executable_path/Frameworks",
				);
				MARKETING_VERSION = 2.1;
				PRODUCT_BUNDLE_IDENTIFIER = com.baschain.email;
				PRODUCT_NAME = "$(TARGET_NAME)";
				SWIFT_VERSION = 5.0;
				TARGETED_DEVICE_FAMILY = "1,2";
			};
			name = Debug;
		};
		69A34B6C2452E967004F5166 /* Release */ = {
			isa = XCBuildConfiguration;
			buildSettings = {
				ASSETCATALOG_COMPILER_APPICON_NAME = AppIcon;
				CODE_SIGN_STYLE = Automatic;
				CURRENT_PROJECT_VERSION = 1;
				DEVELOPMENT_TEAM = 7745PS7TY6;
				ENABLE_BITCODE = NO;
				FRAMEWORK_SEARCH_PATHS = (
					"$(PROJECT_DIR)/Carthage/Build/iOS",
					"$(PROJECT_DIR)/bin",
				);
				INFOPLIST_FILE = BMail/Info.plist;
				IPHONEOS_DEPLOYMENT_TARGET = 11.0;
				LD_RUNPATH_SEARCH_PATHS = (
					"$(inherited)",
					"@executable_path/Frameworks",
				);
				MARKETING_VERSION = 2.1;
				PRODUCT_BUNDLE_IDENTIFIER = com.baschain.email;
				PRODUCT_NAME = "$(TARGET_NAME)";
				SWIFT_VERSION = 5.0;
				TARGETED_DEVICE_FAMILY = "1,2";
			};
			name = Release;
		};
/* End XCBuildConfiguration section */

/* Begin XCConfigurationList section */
		69A34B4C2452E966004F5166 /* Build configuration list for PBXProject "BMail" */ = {
			isa = XCConfigurationList;
			buildConfigurations = (
				69A34B682452E967004F5166 /* Debug */,
				69A34B692452E967004F5166 /* Release */,
			);
			defaultConfigurationIsVisible = 0;
			defaultConfigurationName = Release;
		};
		69A34B6A2452E967004F5166 /* Build configuration list for PBXNativeTarget "BMail" */ = {
			isa = XCConfigurationList;
			buildConfigurations = (
				69A34B6B2452E967004F5166 /* Debug */,
				69A34B6C2452E967004F5166 /* Release */,
			);
			defaultConfigurationIsVisible = 0;
			defaultConfigurationName = Release;
		};
/* End XCConfigurationList section */

/* Begin XCVersionGroup section */
		69A34B562452E966004F5166 /* BMail.xcdatamodeld */ = {
			isa = XCVersionGroup;
			children = (
				69AE0C5324823AF000244C06 /* BMail 2.xcdatamodel */,
				69A34B572452E966004F5166 /* BMail.xcdatamodel */,
			);
			currentVersion = 69A34B572452E966004F5166 /* BMail.xcdatamodel */;
			path = BMail.xcdatamodeld;
			sourceTree = "<group>";
			versionGroupType = wrapper.xcdatamodel;
		};
/* End XCVersionGroup section */
	};
	rootObject = 69A34B492452E966004F5166 /* Project object */;
}
